
Microsoft Visual Studio Solution File, Format Version 12.00
# Visual Studio 15
VisualStudioVersion = 15.0.28010.2050
MinimumVisualStudioVersion = 10.0.40219.1
Project("{FAE04EC0-301F-11D3-BF4B-00C04F79EFBC}") = "GUI", "GUI\GUI.csproj", "{4CDB1F4F-7699-49C9-9143-E10377F2957D}"
EndProject
Project("{FAE04EC0-301F-11D3-BF4B-00C04F79EFBC}") = "BUS", "BUS\BUS.csproj", "{126E98FF-51B8-4FE6-80CD-C5A72EB0F8CF}"
EndProject
Project("{FAE04EC0-301F-11D3-BF4B-00C04F79EFBC}") = "DAL", "DAL\DAL.csproj", "{48FBE18A-679A-481F-919A-E23736361A7C}"
EndProject
Project("{FAE04EC0-301F-11D3-BF4B-00C04F79EFBC}") = "DTO", "DTO\DTO.csproj", "{23A15A24-70F4-49BB-A501-94C53C933F85}"
EndProject
Global
	GlobalSection(SolutionConfigurationPlatforms) = preSolution
		Debug|Any CPU = Debug|Any CPU
		Release|Any CPU = Release|Any CPU
	EndGlobalSection
	GlobalSection(ProjectConfigurationPlatforms) = postSolution
		{4CDB1F4F-7699-49C9-9143-E10377F2957D}.Debug|Any CPU.ActiveCfg = Debug|Any CPU
		{4CDB1F4F-7699-49C9-9143-E10377F2957D}.Debug|Any CPU.Build.0 = Debug|Any CPU
		{4CDB1F4F-7699-49C9-9143-E10377F2957D}.Release|Any CPU.ActiveCfg = Release|Any CPU
		{4CDB1F4F-7699-49C9-9143-E10377F2957D}.Release|Any CPU.Build.0 = Release|Any CPU
		{126E98FF-51B8-4FE6-80CD-C5A72EB0F8CF}.Debug|Any CPU.ActiveCfg = Debug|Any CPU
		{126E98FF-51B8-4FE6-80CD-C5A72EB0F8CF}.Debug|Any CPU.Build.0 = Debug|Any CPU
		{126E98FF-51B8-4FE6-80CD-C5A72EB0F8CF}.Release|Any CPU.ActiveCfg = Release|Any CPU
		{126E98FF-51B8-4FE6-80CD-C5A72EB0F8CF}.Release|Any CPU.Build.0 = Release|Any CPU
		{48FBE18A-679A-481F-919A-E23736361A7C}.Debug|Any CPU.ActiveCfg = Debug|Any CPU
		{48FBE18A-679A-481F-919A-E23736361A7C}.Debug|Any CPU.Build.0 = Debug|Any CPU
		{48FBE18A-679A-481F-919A-E23736361A7C}.Release|Any CPU.ActiveCfg = Release|Any CPU
		{48FBE18A-679A-481F-919A-E23736361A7C}.Release|Any CPU.Build.0 = Release|Any CPU
		{23A15A24-70F4-49BB-A501-94C53C933F85}.Debug|Any CPU.ActiveCfg = Debug|Any CPU
		{23A15A24-70F4-49BB-A501-94C53C933F85}.Debug|Any CPU.Build.0 = Debug|Any CPU
		{23A15A24-70F4-49BB-A501-94C53C933F85}.Release|Any CPU.ActiveCfg = Release|Any CPU
		{23A15A24-70F4-49BB-A501-94C53C933F85}.Release|Any CPU.Build.0 = Release|Any CPU
	EndGlobalSection
	GlobalSection(SolutionProperties) = preSolution
		HideSolutionNode = FALSE
	EndGlobalSection
	GlobalSection(ExtensibilityGlobals) = postSolution
		SolutionGuid = {6DF4B1DD-770C-4AA9-9DF7-836A4CEFCDCB}
	EndGlobalSection
EndGlobal
